
Microsoft Visual Studio Solution File, Format Version 12.00
# Visual Studio Version 17
VisualStudioVersion = 17.7.34009.444
MinimumVisualStudioVersion = 10.0.40219.1
Project("{FAE04EC0-301F-11D3-BF4B-00C04F79EFBC}") = "GestionBanque", "GestionBanque\GestionBanque.csproj", "{672E3034-256E-410D-909B-C00D18FF0B1B}"
EndProject
Project("{FAE04EC0-301F-11D3-BF4B-00C04F79EFBC}") = "GestionBanque.Tests", "GestionBanque.Tests\GestionBanque.Tests.csproj", "{A8E6D2C2-21BE-4279-B51F-B3E3C52664F8}"
EndProject
Global
	GlobalSection(SolutionConfigurationPlatforms) = preSolution
		Debug|Any CPU = Debug|Any CPU
		Release|Any CPU = Release|Any CPU
	EndGlobalSection
	GlobalSection(ProjectConfigurationPlatforms) = postSolution
		{672E3034-256E-410D-909B-C00D18FF0B1B}.Debug|Any CPU.ActiveCfg = Debug|Any CPU
		{672E3034-256E-410D-909B-C00D18FF0B1B}.Debug|Any CPU.Build.0 = Debug|Any CPU
		{672E3034-256E-410D-909B-C00D18FF0B1B}.Release|Any CPU.ActiveCfg = Release|Any CPU
		{672E3034-256E-410D-909B-C00D18FF0B1B}.Release|Any CPU.Build.0 = Release|Any CPU
		{A8E6D2C2-21BE-4279-B51F-B3E3C52664F8}.Debug|Any CPU.ActiveCfg = Debug|Any CPU
		{A8E6D2C2-21BE-4279-B51F-B3E3C52664F8}.Debug|Any CPU.Build.0 = Debug|Any CPU
		{A8E6D2C2-21BE-4279-B51F-B3E3C52664F8}.Release|Any CPU.ActiveCfg = Release|Any CPU
		{A8E6D2C2-21BE-4279-B51F-B3E3C52664F8}.Release|Any CPU.Build.0 = Release|Any CPU
	EndGlobalSection
	GlobalSection(SolutionProperties) = preSolution
		HideSolutionNode = FALSE
	EndGlobalSection
	GlobalSection(ExtensibilityGlobals) = postSolution
		SolutionGuid = {B96745C3-0A21-4E1E-AF4C-D6AE12578EE9}
	EndGlobalSection
EndGlobal
